
Microsoft Visual Studio Solution File, Format Version 12.00
# Visual Studio Version 16
VisualStudioVersion = 16.0.29728.190
MinimumVisualStudioVersion = 10.0.40219.1
Project("{FAE04EC0-301F-11D3-BF4B-00C04F79EFBC}") = "ElectronVPL", "ElectronVPL\ElectronVPL.csproj", "{88331359-D989-482D-8F2D-04D760474615}"
EndProject
Global
	GlobalSection(SolutionConfigurationPlatforms) = preSolution
		Debug|Any CPU = Debug|Any CPU
		Release|Any CPU = Release|Any CPU
	EndGlobalSection
	GlobalSection(ProjectConfigurationPlatforms) = postSolution
		{88331359-D989-482D-8F2D-04D760474615}.Debug|Any CPU.ActiveCfg = Debug|Any CPU
		{88331359-D989-482D-8F2D-04D760474615}.Debug|Any CPU.Build.0 = Debug|Any CPU
		{88331359-D989-482D-8F2D-04D760474615}.Release|Any CPU.ActiveCfg = Release|Any CPU
		{88331359-D989-482D-8F2D-04D760474615}.Release|Any CPU.Build.0 = Release|Any CPU
	EndGlobalSection
	GlobalSection(SolutionProperties) = preSolution
		HideSolutionNode = FALSE
	EndGlobalSection
	GlobalSection(ExtensibilityGlobals) = postSolution
		SolutionGuid = {CAEE7DE4-FCCA-4579-9977-334EB1381B6A}
	EndGlobalSection
EndGlobal
